{
  "name": "texlive",
  "version": "1.0.0",
  "lockfileVersion": 1,
  "requires": true,
  "dependencies": {
    "web-worker": {
      "version": "1.0.0",
      "resolved": "https://registry.npmjs.org/web-worker/-/web-worker-1.0.0.tgz",
      "integrity": "sha512-BzuMqeKVkKKwHV6tJuwePFcxYMxvC97D448mXTgh/CxXAB4sRtoV26gRPN+JDxsXRR7QZyioMV9O6NzQaASf7Q=="
    }
  }
}
